
Microsoft Visual Studio Solution File, Format Version 12.00
# Visual Studio Version 17
VisualStudioVersion = 17.14.36414.22 d17.14
MinimumVisualStudioVersion = 10.0.40219.1
Project("{FAE04EC0-301F-11D3-BF4B-00C04F79EFBC}") = "RESTful API ASP.NET", "RESTful API ASP.NET\RESTful API ASP.NET.csproj", "{88D4187E-EB2C-49EA-A27F-5B4B30F98508}"
EndProject
Global
	GlobalSection(SolutionConfigurationPlatforms) = preSolution
		Debug|Any CPU = Debug|Any CPU
		Release|Any CPU = Release|Any CPU
	EndGlobalSection
	GlobalSection(ProjectConfigurationPlatforms) = postSolution
		{88D4187E-EB2C-49EA-A27F-5B4B30F98508}.Debug|Any CPU.ActiveCfg = Debug|Any CPU
		{88D4187E-EB2C-49EA-A27F-5B4B30F98508}.Debug|Any CPU.Build.0 = Debug|Any CPU
		{88D4187E-EB2C-49EA-A27F-5B4B30F98508}.Release|Any CPU.ActiveCfg = Release|Any CPU
		{88D4187E-EB2C-49EA-A27F-5B4B30F98508}.Release|Any CPU.Build.0 = Release|Any CPU
	EndGlobalSection
	GlobalSection(SolutionProperties) = preSolution
		HideSolutionNode = FALSE
	EndGlobalSection
	GlobalSection(ExtensibilityGlobals) = postSolution
		SolutionGuid = {AB62A3FF-78F3-462D-99E8-01C94BFCA768}
	EndGlobalSection
EndGlobal
